
Microsoft Visual Studio Solution File, Format Version 12.00
# Visual Studio Version 16
VisualStudioVersion = 16.0.30011.22
MinimumVisualStudioVersion = 10.0.40219.1
Project("{9A19103F-16F7-4668-BE54-9A1E7A4F7556}") = "GSMNET", "GSMNET\GSMNET.csproj", "{9BF0F7F9-533F-429D-AD79-2D30FAC01F47}"
EndProject
Global
	GlobalSection(SolutionConfigurationPlatforms) = preSolution
		Debug|Any CPU = Debug|Any CPU
		Debug|x86 = Debug|x86
		Release|Any CPU = Release|Any CPU
		Release|x86 = Release|x86
	EndGlobalSection
	GlobalSection(ProjectConfigurationPlatforms) = postSolution
		{9BF0F7F9-533F-429D-AD79-2D30FAC01F47}.Debug|Any CPU.ActiveCfg = Debug|Any CPU
		{9BF0F7F9-533F-429D-AD79-2D30FAC01F47}.Debug|Any CPU.Build.0 = Debug|Any CPU
		{9BF0F7F9-533F-429D-AD79-2D30FAC01F47}.Debug|x86.ActiveCfg = Debug|x86
		{9BF0F7F9-533F-429D-AD79-2D30FAC01F47}.Debug|x86.Build.0 = Debug|x86
		{9BF0F7F9-533F-429D-AD79-2D30FAC01F47}.Release|Any CPU.ActiveCfg = Debug|Any CPU
		{9BF0F7F9-533F-429D-AD79-2D30FAC01F47}.Release|Any CPU.Build.0 = Debug|Any CPU
		{9BF0F7F9-533F-429D-AD79-2D30FAC01F47}.Release|x86.ActiveCfg = Release|x86
		{9BF0F7F9-533F-429D-AD79-2D30FAC01F47}.Release|x86.Build.0 = Release|x86
	EndGlobalSection
	GlobalSection(SolutionProperties) = preSolution
		HideSolutionNode = FALSE
	EndGlobalSection
	GlobalSection(ExtensibilityGlobals) = postSolution
		SolutionGuid = {A5654D7E-3005-4C32-84C9-8161845ABF7B}
	EndGlobalSection
EndGlobal
